<?xml version="1.0" encoding="utf-8"?>
<Project ToolsVersion="4.0" xmlns="http://schemas.microsoft.com/developer/msbuild/2003">
  <ItemGroup>
    <Filter Include="Archivos de origen">
      <UniqueIdentifier>{4FC737F1-C7A5-4376-A066-2A32D752A2FF}</UniqueIdentifier>
      <Extensions>cpp;c;cc;cxx;c++;cppm;ixx;def;odl;idl;hpj;bat;asm;asmx</Extensions>
    </Filter>
    <Filter Include="Archivos de encabezado">
      <UniqueIdentifier>{93995380-89BD-4b04-88EB-625FBE52EBFB}</UniqueIdentifier>
      <Extensions>h;hh;hpp;hxx;h++;hm;inl;inc;ipp;xsd</Extensions>
    </Filter>
    <Filter Include="Archivos de recursos">
      <UniqueIdentifier>{67DA6AB6-F800-4c08-8B7A-83BB121AAD01}</UniqueIdentifier>
      <Extensions>rc;ico;cur;bmp;dlg;rc2;rct;bin;rgs;gif;jpg;jpeg;jpe;resx;tiff;tif;png;wav;mfcribbon-ms</Extensions>
    </Filter>
    <Filter Include="Archivos de encabezado\Pagos">
      <UniqueIdentifier>{d361ec2f-fb2c-4407-99e4-5844b5d12d1e}</UniqueIdentifier>
    </Filter>
    <Filter Include="Archivos de encabezado\Gasolineria">
      <UniqueIdentifier>{4cae1aa0-f304-46f5-8725-157175f02c80}</UniqueIdentifier>
    </Filter>
  </ItemGroup>
  <ItemGroup>
    <ClCompile Include="source\main.cpp">
      <Filter>Archivos de origen</Filter>
    </ClCompile>
  </ItemGroup>
  <ItemGroup>
    <ClInclude Include="include\Prerequisites.h">
      <Filter>Archivos de encabezado</Filter>
    </ClInclude>
    <ClInclude Include="include\Productos.h">
      <Filter>Archivos de encabezado</Filter>
    </ClInclude>
    <ClInclude Include="include\Inventario.h">
      <Filter>Archivos de encabezado</Filter>
    </ClInclude>
    <ClInclude Include="include\FactoryProducto.h">
      <Filter>Archivos de encabezado</Filter>
    </ClInclude>
    <ClInclude Include="include\ObserverStock.h">
      <Filter>Archivos de encabezado</Filter>
    </ClInclude>
    <ClInclude Include="include\Observer.h">
      <Filter>Archivos de encabezado</Filter>
    </ClInclude>
    <ClInclude Include="include\Pagos\Strategy.h">
      <Filter>Archivos de encabezado\Pagos</Filter>
    </ClInclude>
    <ClInclude Include="include\Pagos\PagosStrategy.h">
      <Filter>Archivos de encabezado\Pagos</Filter>
    </ClInclude>
    <ClInclude Include="include\Pagos\EfectivoStrategy.h">
      <Filter>Archivos de encabezado\Pagos</Filter>
    </ClInclude>
    <ClInclude Include="include\Pagos\DebitoStrategy.h">
      <Filter>Archivos de encabezado\Pagos</Filter>
    </ClInclude>
    <ClInclude Include="include\Pagos\CreditoStrategy.h">
      <Filter>Archivos de encabezado\Pagos</Filter>
    </ClInclude>
    <ClInclude Include="include\Gasolineria\Gasolineria.h">
      <Filter>Archivos de encabezado\Gasolineria</Filter>
    </ClInclude>
    <ClInclude Include="include\Gasolineria\RegistroGasolina.h">
      <Filter>Archivos de encabezado\Gasolineria</Filter>
    </ClInclude>
    <ClInclude Include="include\Gasolineria\ValidacionGas.h">
      <Filter>Archivos de encabezado\Gasolineria</Filter>
    </ClInclude>
  </ItemGroup>
  <ItemGroup>
    <Text Include="source\Productos.json">
      <Filter>Archivos de origen</Filter>
    </Text>
  </ItemGroup>
</Project>